
Microsoft Visual Studio Solution File, Format Version 12.00
# Visual Studio 15
VisualStudioVersion = 15.0.27703.2000
MinimumVisualStudioVersion = 10.0.40219.1
Project("{FAE04EC0-301F-11D3-BF4B-00C04F79EFBC}") = "Basketball", "Basketball\Basketball.csproj", "{DD550174-2255-49CF-8B30-F5BAAB1EBFDE}"
EndProject
Global
	GlobalSection(SolutionConfigurationPlatforms) = preSolution
		Debug|Any CPU = Debug|Any CPU
		Release|Any CPU = Release|Any CPU
	EndGlobalSection
	GlobalSection(ProjectConfigurationPlatforms) = postSolution
		{DD550174-2255-49CF-8B30-F5BAAB1EBFDE}.Debug|Any CPU.ActiveCfg = Debug|Any CPU
		{DD550174-2255-49CF-8B30-F5BAAB1EBFDE}.Debug|Any CPU.Build.0 = Debug|Any CPU
		{DD550174-2255-49CF-8B30-F5BAAB1EBFDE}.Release|Any CPU.ActiveCfg = Release|Any CPU
		{DD550174-2255-49CF-8B30-F5BAAB1EBFDE}.Release|Any CPU.Build.0 = Release|Any CPU
	EndGlobalSection
	GlobalSection(SolutionProperties) = preSolution
		HideSolutionNode = FALSE
	EndGlobalSection
	GlobalSection(ExtensibilityGlobals) = postSolution
		SolutionGuid = {983F3960-0A02-4493-B80A-C930B9CEDC71}
	EndGlobalSection
EndGlobal
