
Microsoft Visual Studio Solution File, Format Version 12.00
# Visual Studio Version 16
VisualStudioVersion = 16.0.29403.142
MinimumVisualStudioVersion = 10.0.40219.1
Project("{888888A0-9F3D-457C-B088-3A5042F75D52}") = "Neural Network Test", "Neural Network Test\Neural Network Test.pyproj", "{029A05ED-55AB-418F-B998-1D9E1A40CE76}"
EndProject
Global
	GlobalSection(SolutionConfigurationPlatforms) = preSolution
		Debug|Any CPU = Debug|Any CPU
		Release|Any CPU = Release|Any CPU
	EndGlobalSection
	GlobalSection(ProjectConfigurationPlatforms) = postSolution
		{029A05ED-55AB-418F-B998-1D9E1A40CE76}.Debug|Any CPU.ActiveCfg = Debug|Any CPU
		{029A05ED-55AB-418F-B998-1D9E1A40CE76}.Release|Any CPU.ActiveCfg = Release|Any CPU
	EndGlobalSection
	GlobalSection(SolutionProperties) = preSolution
		HideSolutionNode = FALSE
	EndGlobalSection
	GlobalSection(ExtensibilityGlobals) = postSolution
		SolutionGuid = {7B5B8088-9024-4467-9D33-866FE8D1336A}
	EndGlobalSection
EndGlobal
